
Microsoft Visual Studio Solution File, Format Version 12.00
# Visual Studio Version 17
VisualStudioVersion = 17.1.32210.238
MinimumVisualStudioVersion = 10.0.40219.1
Project("{9A19103F-16F7-4668-BE54-9A1E7A4F7556}") = "Brokkoli", "Brokkoli\Brokkoli.csproj", "{25B3FD3C-D88F-4271-B462-A8D84736D77D}"
EndProject
Project("{2150E333-8FDC-42A3-9474-1A3956D46DE8}") = "Solution Items", "Solution Items", "{3512FAEB-22B7-42E9-BF62-CACBE8E40CAB}"
	ProjectSection(SolutionItems) = preProject
		.editorconfig = .editorconfig
	EndProjectSection
EndProject
Global
	GlobalSection(SolutionConfigurationPlatforms) = preSolution
		Debug|Any CPU = Debug|Any CPU
		Release|Any CPU = Release|Any CPU
	EndGlobalSection
	GlobalSection(ProjectConfigurationPlatforms) = postSolution
		{25B3FD3C-D88F-4271-B462-A8D84736D77D}.Debug|Any CPU.ActiveCfg = Debug|Any CPU
		{25B3FD3C-D88F-4271-B462-A8D84736D77D}.Debug|Any CPU.Build.0 = Debug|Any CPU
		{25B3FD3C-D88F-4271-B462-A8D84736D77D}.Release|Any CPU.ActiveCfg = Release|Any CPU
		{25B3FD3C-D88F-4271-B462-A8D84736D77D}.Release|Any CPU.Build.0 = Release|Any CPU
	EndGlobalSection
	GlobalSection(SolutionProperties) = preSolution
		HideSolutionNode = FALSE
	EndGlobalSection
	GlobalSection(ExtensibilityGlobals) = postSolution
		SolutionGuid = {02B03E35-B260-4EFF-9D9E-28616462BB87}
	EndGlobalSection
EndGlobal
